// !$*UTF8*$!
{
	archiveVersion = 1;
	classes = {
	};
	objectVersion = 50;
	objects = {

/* Begin PBXBuildFile section */
		F553F4F724D7C428009FB74B /* AppDelegate.swift in Sources */ = {isa = PBXBuildFile; fileRef = F553F4F624D7C428009FB74B /* AppDelegate.swift */; };
		F553F4F924D7C428009FB74B /* SceneDelegate.swift in Sources */ = {isa = PBXBuildFile; fileRef = F553F4F824D7C428009FB74B /* SceneDelegate.swift */; };
		F553F4FB24D7C428009FB74B /* ViewController.swift in Sources */ = {isa = PBXBuildFile; fileRef = F553F4FA24D7C428009FB74B /* ViewController.swift */; };
		F553F4FE24D7C428009FB74B /* Main.storyboard in Resources */ = {isa = PBXBuildFile; fileRef = F553F4FC24D7C428009FB74B /* Main.storyboard */; };
		F553F50024D7C42C009FB74B /* Assets.xcassets in Resources */ = {isa = PBXBuildFile; fileRef = F553F4FF24D7C42C009FB74B /* Assets.xcassets */; };
		F553F50324D7C42C009FB74B /* LaunchScreen.storyboard in Resources */ = {isa = PBXBuildFile; fileRef = F553F50124D7C42C009FB74B /* LaunchScreen.storyboard */; };
		F553F50E24D7C42C009FB74B /* SwiftUI_NikeCodeTestTests.swift in Sources */ = {isa = PBXBuildFile; fileRef = F553F50D24D7C42C009FB74B /* SwiftUI_NikeCodeTestTests.swift */; };
		F553F51924D7C42C009FB74B /* SwiftUI_NikeCodeTestUITests.swift in Sources */ = {isa = PBXBuildFile; fileRef = F553F51824D7C42C009FB74B /* SwiftUI_NikeCodeTestUITests.swift */; };
/* End PBXBuildFile section */

/* Begin PBXContainerItemProxy section */
		F553F50A24D7C42C009FB74B /* PBXContainerItemProxy */ = {
			isa = PBXContainerItemProxy;
			containerPortal = F553F4EB24D7C428009FB74B /* Project object */;
			proxyType = 1;
			remoteGlobalIDString = F553F4F224D7C428009FB74B;
			remoteInfo = "SwiftUI-NikeCodeTest";
		};
		F553F51524D7C42C009FB74B /* PBXContainerItemProxy */ = {
			isa = PBXContainerItemProxy;
			containerPortal = F553F4EB24D7C428009FB74B /* Project object */;
			proxyType = 1;
			remoteGlobalIDString = F553F4F224D7C428009FB74B;
			remoteInfo = "SwiftUI-NikeCodeTest";
		};
/* End PBXContainerItemProxy section */

/* Begin PBXFileReference section */
		F553F4F324D7C428009FB74B /* SwiftUI-NikeCodeTest.app */ = {isa = PBXFileReference; explicitFileType = wrapper.application; includeInIndex = 0; path = "SwiftUI-NikeCodeTest.app"; sourceTree = BUILT_PRODUCTS_DIR; };
		F553F4F624D7C428009FB74B /* AppDelegate.swift */ = {isa = PBXFileReference; lastKnownFileType = sourcecode.swift; path = AppDelegate.swift; sourceTree = "<group>"; };
		F553F4F824D7C428009FB74B /* SceneDelegate.swift */ = {isa = PBXFileReference; lastKnownFileType = sourcecode.swift; path = SceneDelegate.swift; sourceTree = "<group>"; };
		F553F4FA24D7C428009FB74B /* ViewController.swift */ = {isa = PBXFileReference; lastKnownFileType = sourcecode.swift; path = ViewController.swift; sourceTree = "<group>"; };
		F553F4FD24D7C428009FB74B /* Base */ = {isa = PBXFileReference; lastKnownFileType = file.storyboard; name = Base; path = Base.lproj/Main.storyboard; sourceTree = "<group>"; };
		F553F4FF24D7C42C009FB74B /* Assets.xcassets */ = {isa = PBXFileReference; lastKnownFileType = folder.assetcatalog; path = Assets.xcassets; sourceTree = "<group>"; };
		F553F50224D7C42C009FB74B /* Base */ = {isa = PBXFileReference; lastKnownFileType = file.storyboard; name = Base; path = Base.lproj/LaunchScreen.storyboard; sourceTree = "<group>"; };
		F553F50424D7C42C009FB74B /* Info.plist */ = {isa = PBXFileReference; lastKnownFileType = text.plist.xml; path = Info.plist; sourceTree = "<group>"; };
		F553F50924D7C42C009FB74B /* SwiftUI-NikeCodeTestTests.xctest */ = {isa = PBXFileReference; explicitFileType = wrapper.cfbundle; includeInIndex = 0; path = "SwiftUI-NikeCodeTestTests.xctest"; sourceTree = BUILT_PRODUCTS_DIR; };
		F553F50D24D7C42C009FB74B /* SwiftUI_NikeCodeTestTests.swift */ = {isa = PBXFileReference; lastKnownFileType = sourcecode.swift; path = SwiftUI_NikeCodeTestTests.swift; sourceTree = "<group>"; };
		F553F50F24D7C42C009FB74B /* Info.plist */ = {isa = PBXFileReference; lastKnownFileType = text.plist.xml; path = Info.plist; sourceTree = "<group>"; };
		F553F51424D7C42C009FB74B /* SwiftUI-NikeCodeTestUITests.xctest */ = {isa = PBXFileReference; explicitFileType = wrapper.cfbundle; includeInIndex = 0; path = "SwiftUI-NikeCodeTestUITests.xctest"; sourceTree = BUILT_PRODUCTS_DIR; };
		F553F51824D7C42C009FB74B /* SwiftUI_NikeCodeTestUITests.swift */ = {isa = PBXFileReference; lastKnownFileType = sourcecode.swift; path = SwiftUI_NikeCodeTestUITests.swift; sourceTree = "<group>"; };
		F553F51A24D7C42C009FB74B /* Info.plist */ = {isa = PBXFileReference; lastKnownFileType = text.plist.xml; path = Info.plist; sourceTree = "<group>"; };
/* End PBXFileReference section */

/* Begin PBXFrameworksBuildPhase section */
		F553F4F024D7C428009FB74B /* Frameworks */ = {
			isa = PBXFrameworksBuildPhase;
			buildActionMask = 2147483647;
			files = (
			);
			runOnlyForDeploymentPostprocessing = 0;
		};
		F553F50624D7C42C009FB74B /* Frameworks */ = {
			isa = PBXFrameworksBuildPhase;
			buildActionMask = 2147483647;
			files = (
			);
			runOnlyForDeploymentPostprocessing = 0;
		};
		F553F51124D7C42C009FB74B /* Frameworks */ = {
			isa = PBXFrameworksBuildPhase;
			buildActionMask = 2147483647;
			files = (
			);
			runOnlyForDeploymentPostprocessing = 0;
		};
/* End PBXFrameworksBuildPhase section */

/* Begin PBXGroup section */
		F553F4EA24D7C428009FB74B = {
			isa = PBXGroup;
			children = (
				F553F4F524D7C428009FB74B /* SwiftUI-NikeCodeTest */,
				F553F50C24D7C42C009FB74B /* SwiftUI-NikeCodeTestTests */,
				F553F51724D7C42C009FB74B /* SwiftUI-NikeCodeTestUITests */,
				F553F4F424D7C428009FB74B /* Products */,
			);
			sourceTree = "<group>";
		};
		F553F4F424D7C428009FB74B /* Products */ = {
			isa = PBXGroup;
			children = (
				F553F4F324D7C428009FB74B /* SwiftUI-NikeCodeTest.app */,
				F553F50924D7C42C009FB74B /* SwiftUI-NikeCodeTestTests.xctest */,
				F553F51424D7C42C009FB74B /* SwiftUI-NikeCodeTestUITests.xctest */,
			);
			name = Products;
			sourceTree = "<group>";
		};
		F553F4F524D7C428009FB74B /* SwiftUI-NikeCodeTest */ = {
			isa = PBXGroup;
			children = (
				F553F4F624D7C428009FB74B /* AppDelegate.swift */,
				F553F4F824D7C428009FB74B /* SceneDelegate.swift */,
				F553F4FA24D7C428009FB74B /* ViewController.swift */,
				F553F4FC24D7C428009FB74B /* Main.storyboard */,
				F553F4FF24D7C42C009FB74B /* Assets.xcassets */,
				F553F50124D7C42C009FB74B /* LaunchScreen.storyboard */,
				F553F50424D7C42C009FB74B /* Info.plist */,
			);
			path = "SwiftUI-NikeCodeTest";
			sourceTree = "<group>";
		};
		F553F50C24D7C42C009FB74B /* SwiftUI-NikeCodeTestTests */ = {
			isa = PBXGroup;
			children = (
				F553F50D24D7C42C009FB74B /* SwiftUI_NikeCodeTestTests.swift */,
				F553F50F24D7C42C009FB74B /* Info.plist */,
			);
			path = "SwiftUI-NikeCodeTestTests";
			sourceTree = "<group>";
		};
		F553F51724D7C42C009FB74B /* SwiftUI-NikeCodeTestUITests */ = {
			isa = PBXGroup;
			children = (
				F553F51824D7C42C009FB74B /* SwiftUI_NikeCodeTestUITests.swift */,
				F553F51A24D7C42C009FB74B /* Info.plist */,
			);
			path = "SwiftUI-NikeCodeTestUITests";
			sourceTree = "<group>";
		};
/* End PBXGroup section */

/* Begin PBXNativeTarget section */
		F553F4F224D7C428009FB74B /* SwiftUI-NikeCodeTest */ = {
			isa = PBXNativeTarget;
			buildConfigurationList = F553F51D24D7C42C009FB74B /* Build configuration list for PBXNativeTarget "SwiftUI-NikeCodeTest" */;
			buildPhases = (
				F553F4EF24D7C428009FB74B /* Sources */,
				F553F4F024D7C428009FB74B /* Frameworks */,
				F553F4F124D7C428009FB74B /* Resources */,
			);
			buildRules = (
			);
			dependencies = (
			);
			name = "SwiftUI-NikeCodeTest";
			productName = "SwiftUI-NikeCodeTest";
			productReference = F553F4F324D7C428009FB74B /* SwiftUI-NikeCodeTest.app */;
			productType = "com.apple.product-type.application";
		};
		F553F50824D7C42C009FB74B /* SwiftUI-NikeCodeTestTests */ = {
			isa = PBXNativeTarget;
			buildConfigurationList = F553F52024D7C42C009FB74B /* Build configuration list for PBXNativeTarget "SwiftUI-NikeCodeTestTests" */;
			buildPhases = (
				F553F50524D7C42C009FB74B /* Sources */,
				F553F50624D7C42C009FB74B /* Frameworks */,
				F553F50724D7C42C009FB74B /* Resources */,
			);
			buildRules = (
			);
			dependencies = (
				F553F50B24D7C42C009FB74B /* PBXTargetDependency */,
			);
			name = "SwiftUI-NikeCodeTestTests";
			productName = "SwiftUI-NikeCodeTestTests";
			productReference = F553F50924D7C42C009FB74B /* SwiftUI-NikeCodeTestTests.xctest */;
			productType = "com.apple.product-type.bundle.unit-test";
		};
		F553F51324D7C42C009FB74B /* SwiftUI-NikeCodeTestUITests */ = {
			isa = PBXNativeTarget;
			buildConfigurationList = F553F52324D7C42C009FB74B /* Build configuration list for PBXNativeTarget "SwiftUI-NikeCodeTestUITests" */;
			buildPhases = (
				F553F51024D7C42C009FB74B /* Sources */,
				F553F51124D7C42C009FB74B /* Frameworks */,
				F553F51224D7C42C009FB74B /* Resources */,
			);
			buildRules = (
			);
			dependencies = (
				F553F51624D7C42C009FB74B /* PBXTargetDependency */,
			);
			name = "SwiftUI-NikeCodeTestUITests";
			productName = "SwiftUI-NikeCodeTestUITests";
			productReference = F553F51424D7C42C009FB74B /* SwiftUI-NikeCodeTestUITests.xctest */;
			productType = "com.apple.product-type.bundle.ui-testing";
		};
/* End PBXNativeTarget section */

/* Begin PBXProject section */
		F553F4EB24D7C428009FB74B /* Project object */ = {
			isa = PBXProject;
			attributes = {
				LastSwiftUpdateCheck = 1160;
				LastUpgradeCheck = 1160;
				ORGANIZATIONNAME = "Manasa Pusuluru";
				TargetAttributes = {
					F553F4F224D7C428009FB74B = {
						CreatedOnToolsVersion = 11.6;
					};
					F553F50824D7C42C009FB74B = {
						CreatedOnToolsVersion = 11.6;
						TestTargetID = F553F4F224D7C428009FB74B;
					};
					F553F51324D7C42C009FB74B = {
						CreatedOnToolsVersion = 11.6;
						TestTargetID = F553F4F224D7C428009FB74B;
					};
				};
			};
			buildConfigurationList = F553F4EE24D7C428009FB74B /* Build configuration list for PBXProject "SwiftUI-NikeCodeTest" */;
			compatibilityVersion = "Xcode 9.3";
			developmentRegion = en;
			hasScannedForEncodings = 0;
			knownRegions = (
				en,
				Base,
			);
			mainGroup = F553F4EA24D7C428009FB74B;
			productRefGroup = F553F4F424D7C428009FB74B /* Products */;
			projectDirPath = "";
			projectRoot = "";
			targets = (
				F553F4F224D7C428009FB74B /* SwiftUI-NikeCodeTest */,
				F553F50824D7C42C009FB74B /* SwiftUI-NikeCodeTestTests */,
				F553F51324D7C42C009FB74B /* SwiftUI-NikeCodeTestUITests */,
			);
		};
/* End PBXProject section */

/* Begin PBXResourcesBuildPhase section */
		F553F4F124D7C428009FB74B /* Resources */ = {
			isa = PBXResourcesBuildPhase;
			buildActionMask = 2147483647;
			files = (
				F553F50324D7C42C009FB74B /* LaunchScreen.storyboard in Resources */,
				F553F50024D7C42C009FB74B /* Assets.xcassets in Resources */,
				F553F4FE24D7C428009FB74B /* Main.storyboard in Resources */,
			);
			runOnlyForDeploymentPostprocessing = 0;
		};
		F553F50724D7C42C009FB74B /* Resources */ = {
			isa = PBXResourcesBuildPhase;
			buildActionMask = 2147483647;
			files = (
			);
			runOnlyForDeploymentPostprocessing = 0;
		};
		F553F51224D7C42C009FB74B /* Resources */ = {
			isa = PBXResourcesBuildPhase;
			buildActionMask = 2147483647;
			files = (
			);
			runOnlyForDeploymentPostprocessing = 0;
		};
/* End PBXResourcesBuildPhase section */

/* Begin PBXSourcesBuildPhase section */
		F553F4EF24D7C428009FB74B /* Sources */ = {
			isa = PBXSourcesBuildPhase;
			buildActionMask = 2147483647;
			files = (
				F553F4FB24D7C428009FB74B /* ViewController.swift in Sources */,
				F553F4F724D7C428009FB74B /* AppDelegate.swift in Sources */,
				F553F4F924D7C428009FB74B /* SceneDelegate.swift in Sources */,
			);
			runOnlyForDeploymentPostprocessing = 0;
		};
		F553F50524D7C42C009FB74B /* Sources */ = {
			isa = PBXSourcesBuildPhase;
			buildActionMask = 2147483647;
			files = (
				F553F50E24D7C42C009FB74B /* SwiftUI_NikeCodeTestTests.swift in Sources */,
			);
			runOnlyForDeploymentPostprocessing = 0;
		};
		F553F51024D7C42C009FB74B /* Sources */ = {
			isa = PBXSourcesBuildPhase;
			buildActionMask = 2147483647;
			files = (
				F553F51924D7C42C009FB74B /* SwiftUI_NikeCodeTestUITests.swift in Sources */,
			);
			runOnlyForDeploymentPostprocessing = 0;
		};
/* End PBXSourcesBuildPhase section */

/* Begin PBXTargetDependency section */
		F553F50B24D7C42C009FB74B /* PBXTargetDependency */ = {
			isa = PBXTargetDependency;
			target = F553F4F224D7C428009FB74B /* SwiftUI-NikeCodeTest */;
			targetProxy = F553F50A24D7C42C009FB74B /* PBXContainerItemProxy */;
		};
		F553F51624D7C42C009FB74B /* PBXTargetDependency */ = {
			isa = PBXTargetDependency;
			target = F553F4F224D7C428009FB74B /* SwiftUI-NikeCodeTest */;
			targetProxy = F553F51524D7C42C009FB74B /* PBXContainerItemProxy */;
		};
/* End PBXTargetDependency section */

/* Begin PBXVariantGroup section */
		F553F4FC24D7C428009FB74B /* Main.storyboard */ = {
			isa = PBXVariantGroup;
			children = (
				F553F4FD24D7C428009FB74B /* Base */,
			);
			name = Main.storyboard;
			sourceTree = "<group>";
		};
		F553F50124D7C42C009FB74B /* LaunchScreen.storyboard */ = {
			isa = PBXVariantGroup;
			children = (
				F553F50224D7C42C009FB74B /* Base */,
			);
			name = LaunchScreen.storyboard;
			sourceTree = "<group>";
		};
/* End PBXVariantGroup section */

/* Begin XCBuildConfiguration section */
		F553F51B24D7C42C009FB74B /* Debug */ = {
			isa = XCBuildConfiguration;
			buildSettings = {
				ALWAYS_SEARCH_USER_PATHS = NO;
				CLANG_ANALYZER_NONNULL = YES;
				CLANG_ANALYZER_NUMBER_OBJECT_CONVERSION = YES_AGGRESSIVE;
				CLANG_CXX_LANGUAGE_STANDARD = "gnu++14";
				CLANG_CXX_LIBRARY = "libc++";
				CLANG_ENABLE_MODULES = YES;
				CLANG_ENABLE_OBJC_ARC = YES;
				CLANG_ENABLE_OBJC_WEAK = YES;
				CLANG_WARN_BLOCK_CAPTURE_AUTORELEASING = YES;
				CLANG_WARN_BOOL_CONVERSION = YES;
				CLANG_WARN_COMMA = YES;
				CLANG_WARN_CONSTANT_CONVERSION = YES;
				CLANG_WARN_DEPRECATED_OBJC_IMPLEMENTATIONS = YES;
				CLANG_WARN_DIRECT_OBJC_ISA_USAGE = YES_ERROR;
				CLANG_WARN_DOCUMENTATION_COMMENTS = YES;
				CLANG_WARN_EMPTY_BODY = YES;
				CLANG_WARN_ENUM_CONVERSION = YES;
				CLANG_WARN_INFINITE_RECURSION = YES;
				CLANG_WARN_INT_CONVERSION = YES;
				CLANG_WARN_NON_LITERAL_NULL_CONVERSION = YES;
				CLANG_WARN_OBJC_IMPLICIT_RETAIN_SELF = YES;
				CLANG_WARN_OBJC_LITERAL_CONVERSION = YES;
				CLANG_WARN_OBJC_ROOT_CLASS = YES_ERROR;
				CLANG_WARN_RANGE_LOOP_ANALYSIS = YES;
				CLANG_WARN_STRICT_PROTOTYPES = YES;
				CLANG_WARN_SUSPICIOUS_MOVE = YES;
				CLANG_WARN_UNGUARDED_AVAILABILITY = YES_AGGRESSIVE;
				CLANG_WARN_UNREACHABLE_CODE = YES;
				CLANG_WARN__DUPLICATE_METHOD_MATCH = YES;
				COPY_PHASE_STRIP = NO;
				DEBUG_INFORMATION_FORMAT = dwarf;
				ENABLE_STRICT_OBJC_MSGSEND = YES;
				ENABLE_TESTABILITY = YES;
				GCC_C_LANGUAGE_STANDARD = gnu11;
				GCC_DYNAMIC_NO_PIC = NO;
				GCC_NO_COMMON_BLOCKS = YES;
				GCC_OPTIMIZATION_LEVEL = 0;
				GCC_PREPROCESSOR_DEFINITIONS = (
					"DEBUG=1",
					"$(inherited)",
				);
				GCC_WARN_64_TO_32_BIT_CONVERSION = YES;
				GCC_WARN_ABOUT_RETURN_TYPE = YES_ERROR;
				GCC_WARN_UNDECLARED_SELECTOR = YES;
				GCC_WARN_UNINITIALIZED_AUTOS = YES_AGGRESSIVE;
				GCC_WARN_UNUSED_FUNCTION = YES;
				GCC_WARN_UNUSED_VARIABLE = YES;
				IPHONEOS_DEPLOYMENT_TARGET = 13.6;
				MTL_ENABLE_DEBUG_INFO = INCLUDE_SOURCE;
				MTL_FAST_MATH = YES;
				ONLY_ACTIVE_ARCH = YES;
				SDKROOT = iphoneos;
				SWIFT_ACTIVE_COMPILATION_CONDITIONS = DEBUG;
				SWIFT_OPTIMIZATION_LEVEL = "-Onone";
			};
			name = Debug;
		};
		F553F51C24D7C42C009FB74B /* Release */ = {
			isa = XCBuildConfiguration;
			buildSettings = {
				ALWAYS_SEARCH_USER_PATHS = NO;
				CLANG_ANALYZER_NONNULL = YES;
				CLANG_ANALYZER_NUMBER_OBJECT_CONVERSION = YES_AGGRESSIVE;
				CLANG_CXX_LANGUAGE_STANDARD = "gnu++14";
				CLANG_CXX_LIBRARY = "libc++";
				CLANG_ENABLE_MODULES = YES;
				CLANG_ENABLE_OBJC_ARC = YES;
				CLANG_ENABLE_OBJC_WEAK = YES;
				CLANG_WARN_BLOCK_CAPTURE_AUTORELEASING = YES;
				CLANG_WARN_BOOL_CONVERSION = YES;
				CLANG_WARN_COMMA = YES;
				CLANG_WARN_CONSTANT_CONVERSION = YES;
				CLANG_WARN_DEPRECATED_OBJC_IMPLEMENTATIONS = YES;
				CLANG_WARN_DIRECT_OBJC_ISA_USAGE = YES_ERROR;
				CLANG_WARN_DOCUMENTATION_COMMENTS = YES;
				CLANG_WARN_EMPTY_BODY = YES;
				CLANG_WARN_ENUM_CONVERSION = YES;
				CLANG_WARN_INFINITE_RECURSION = YES;
				CLANG_WARN_INT_CONVERSION = YES;
				CLANG_WARN_NON_LITERAL_NULL_CONVERSION = YES;
				CLANG_WARN_OBJC_IMPLICIT_RETAIN_SELF = YES;
				CLANG_WARN_OBJC_LITERAL_CONVERSION = YES;
				CLANG_WARN_OBJC_ROOT_CLASS = YES_ERROR;
				CLANG_WARN_RANGE_LOOP_ANALYSIS = YES;
				CLANG_WARN_STRICT_PROTOTYPES = YES;
				CLANG_WARN_SUSPICIOUS_MOVE = YES;
				CLANG_WARN_UNGUARDED_AVAILABILITY = YES_AGGRESSIVE;
				CLANG_WARN_UNREACHABLE_CODE = YES;
				CLANG_WARN__DUPLICATE_METHOD_MATCH = YES;
				COPY_PHASE_STRIP = NO;
				DEBUG_INFORMATION_FORMAT = "dwarf-with-dsym";
				ENABLE_NS_ASSERTIONS = NO;
				ENABLE_STRICT_OBJC_MSGSEND = YES;
				GCC_C_LANGUAGE_STANDARD = gnu11;
				GCC_NO_COMMON_BLOCKS = YES;
				GCC_WARN_64_TO_32_BIT_CONVERSION = YES;
				GCC_WARN_ABOUT_RETURN_TYPE = YES_ERROR;
				GCC_WARN_UNDECLARED_SELECTOR = YES;
				GCC_WARN_UNINITIALIZED_AUTOS = YES_AGGRESSIVE;
				GCC_WARN_UNUSED_FUNCTION = YES;
				GCC_WARN_UNUSED_VARIABLE = YES;
				IPHONEOS_DEPLOYMENT_TARGET = 13.6;
				MTL_ENABLE_DEBUG_INFO = NO;
				MTL_FAST_MATH = YES;
				SDKROOT = iphoneos;
				SWIFT_COMPILATION_MODE = wholemodule;
				SWIFT_OPTIMIZATION_LEVEL = "-O";
				VALIDATE_PRODUCT = YES;
			};
			name = Release;
		};
		F553F51E24D7C42C009FB74B /* Debug */ = {
			isa = XCBuildConfiguration;
			buildSettings = {
				ASSETCATALOG_COMPILER_APPICON_NAME = AppIcon;
				CODE_SIGN_STYLE = Automatic;
				INFOPLIST_FILE = "SwiftUI-NikeCodeTest/Info.plist";
				LD_RUNPATH_SEARCH_PATHS = (
					"$(inherited)",
					"@executable_path/Frameworks",
				);
				PRODUCT_BUNDLE_IDENTIFIER = "com.manasa.SwiftUI-NikeCodeTest";
				PRODUCT_NAME = "$(TARGET_NAME)";
				SWIFT_VERSION = 5.0;
				TARGETED_DEVICE_FAMILY = "1,2";
			};
			name = Debug;
		};
		F553F51F24D7C42C009FB74B /* Release */ = {
			isa = XCBuildConfiguration;
			buildSettings = {
				ASSETCATALOG_COMPILER_APPICON_NAME = AppIcon;
				CODE_SIGN_STYLE = Automatic;
				INFOPLIST_FILE = "SwiftUI-NikeCodeTest/Info.plist";
				LD_RUNPATH_SEARCH_PATHS = (
					"$(inherited)",
					"@executable_path/Frameworks",
				);
				PRODUCT_BUNDLE_IDENTIFIER = "com.manasa.SwiftUI-NikeCodeTest";
				PRODUCT_NAME = "$(TARGET_NAME)";
				SWIFT_VERSION = 5.0;
				TARGETED_DEVICE_FAMILY = "1,2";
			};
			name = Release;
		};
		F553F52124D7C42C009FB74B /* Debug */ = {
			isa = XCBuildConfiguration;
			buildSettings = {
				ALWAYS_EMBED_SWIFT_STANDARD_LIBRARIES = YES;
				BUNDLE_LOADER = "$(TEST_HOST)";
				CODE_SIGN_STYLE = Automatic;
				INFOPLIST_FILE = "SwiftUI-NikeCodeTestTests/Info.plist";
				IPHONEOS_DEPLOYMENT_TARGET = 13.6;
				LD_RUNPATH_SEARCH_PATHS = (
					"$(inherited)",
					"@executable_path/Frameworks",
					"@loader_path/Frameworks",
				);
				PRODUCT_BUNDLE_IDENTIFIER = "com.manasa.SwiftUI-NikeCodeTestTests";
				PRODUCT_NAME = "$(TARGET_NAME)";
				SWIFT_VERSION = 5.0;
				TARGETED_DEVICE_FAMILY = "1,2";
				TEST_HOST = "$(BUILT_PRODUCTS_DIR)/SwiftUI-NikeCodeTest.app/SwiftUI-NikeCodeTest";
			};
			name = Debug;
		};
		F553F52224D7C42C009FB74B /* Release */ = {
			isa = XCBuildConfiguration;
			buildSettings = {
				ALWAYS_EMBED_SWIFT_STANDARD_LIBRARIES = YES;
				BUNDLE_LOADER = "$(TEST_HOST)";
				CODE_SIGN_STYLE = Automatic;
				INFOPLIST_FILE = "SwiftUI-NikeCodeTestTests/Info.plist";
				IPHONEOS_DEPLOYMENT_TARGET = 13.6;
				LD_RUNPATH_SEARCH_PATHS = (
					"$(inherited)",
					"@executable_path/Frameworks",
					"@loader_path/Frameworks",
				);
				PRODUCT_BUNDLE_IDENTIFIER = "com.manasa.SwiftUI-NikeCodeTestTests";
				PRODUCT_NAME = "$(TARGET_NAME)";
				SWIFT_VERSION = 5.0;
				TARGETED_DEVICE_FAMILY = "1,2";
				TEST_HOST = "$(BUILT_PRODUCTS_DIR)/SwiftUI-NikeCodeTest.app/SwiftUI-NikeCodeTest";
			};
			name = Release;
		};
		F553F52424D7C42C009FB74B /* Debug */ = {
			isa = XCBuildConfiguration;
			buildSettings = {
				ALWAYS_EMBED_SWIFT_STANDARD_LIBRARIES = YES;
				CODE_SIGN_STYLE = Automatic;
				INFOPLIST_FILE = "SwiftUI-NikeCodeTestUITests/Info.plist";
				LD_RUNPATH_SEARCH_PATHS = (
					"$(inherited)",
					"@executable_path/Frameworks",
					"@loader_path/Frameworks",
				);
				PRODUCT_BUNDLE_IDENTIFIER = "com.manasa.SwiftUI-NikeCodeTestUITests";
				PRODUCT_NAME = "$(TARGET_NAME)";
				SWIFT_VERSION = 5.0;
				TARGETED_DEVICE_FAMILY = "1,2";
				TEST_TARGET_NAME = "SwiftUI-NikeCodeTest";
			};
			name = Debug;
		};
		F553F52524D7C42C009FB74B /* Release */ = {
			isa = XCBuildConfiguration;
			buildSettings = {
				ALWAYS_EMBED_SWIFT_STANDARD_LIBRARIES = YES;
				CODE_SIGN_STYLE = Automatic;
				INFOPLIST_FILE = "SwiftUI-NikeCodeTestUITests/Info.plist";
				LD_RUNPATH_SEARCH_PATHS = (
					"$(inherited)",
					"@executable_path/Frameworks",
					"@loader_path/Frameworks",
				);
				PRODUCT_BUNDLE_IDENTIFIER = "com.manasa.SwiftUI-NikeCodeTestUITests";
				PRODUCT_NAME = "$(TARGET_NAME)";
				SWIFT_VERSION = 5.0;
				TARGETED_DEVICE_FAMILY = "1,2";
				TEST_TARGET_NAME = "SwiftUI-NikeCodeTest";
			};
			name = Release;
		};
/* End XCBuildConfiguration section */

/* Begin XCConfigurationList section */
		F553F4EE24D7C428009FB74B /* Build configuration list for PBXProject "SwiftUI-NikeCodeTest" */ = {
			isa = XCConfigurationList;
			buildConfigurations = (
				F553F51B24D7C42C009FB74B /* Debug */,
				F553F51C24D7C42C009FB74B /* Release */,
			);
			defaultConfigurationIsVisible = 0;
			defaultConfigurationName = Release;
		};
		F553F51D24D7C42C009FB74B /* Build configuration list for PBXNativeTarget "SwiftUI-NikeCodeTest" */ = {
			isa = XCConfigurationList;
			buildConfigurations = (
				F553F51E24D7C42C009FB74B /* Debug */,
				F553F51F24D7C42C009FB74B /* Release */,
			);
			defaultConfigurationIsVisible = 0;
			defaultConfigurationName = Release;
		};
		F553F52024D7C42C009FB74B /* Build configuration list for PBXNativeTarget "SwiftUI-NikeCodeTestTests" */ = {
			isa = XCConfigurationList;
			buildConfigurations = (
				F553F52124D7C42C009FB74B /* Debug */,
				F553F52224D7C42C009FB74B /* Release */,
			);
			defaultConfigurationIsVisible = 0;
			defaultConfigurationName = Release;
		};
		F553F52324D7C42C009FB74B /* Build configuration list for PBXNativeTarget "SwiftUI-NikeCodeTestUITests" */ = {
			isa = XCConfigurationList;
			buildConfigurations = (
				F553F52424D7C42C009FB74B /* Debug */,
				F553F52524D7C42C009FB74B /* Release */,
			);
			defaultConfigurationIsVisible = 0;
			defaultConfigurationName = Release;
		};
/* End XCConfigurationList section */
	};
	rootObject = F553F4EB24D7C428009FB74B /* Project object */;
}
